
Microsoft Visual Studio Solution File, Format Version 12.00
# Visual Studio 14
VisualStudioVersion = 14.0.22310.1
MinimumVisualStudioVersion = 10.0.40219.1
Project("{8BC9CEB8-8B4A-11D0-8D11-00A0C91BC942}") = "base64", "common\base64.vcxproj", "{28F96B41-56D9-4524-8455-5AE92BC7B485}"
EndProject
Project("{8BC9CEB8-8B4A-11D0-8D11-00A0C91BC942}") = "bzcat", "common\bzcat.vcxproj", "{B309C09B-CE15-401A-BC26-F4AE04FA5E46}"
EndProject
Project("{8BC9CEB8-8B4A-11D0-8D11-00A0C91BC942}") = "cat", "common\cat.vcxproj", "{D4119BE2-1B42-491B-945D-326AD0E28415}"
EndProject
Project("{8BC9CEB8-8B4A-11D0-8D11-00A0C91BC942}") = "crc32", "common\crc32.vcxproj", "{0D9F6709-83D7-4A68-B077-C9F613B7436B}"
EndProject
Project("{8BC9CEB8-8B4A-11D0-8D11-00A0C91BC942}") = "date", "common\date.vcxproj", "{285DAC5D-D772-4E13-9512-D48A54EC534D}"
EndProject
Project("{8BC9CEB8-8B4A-11D0-8D11-00A0C91BC942}") = "dd", "common\dd.vcxproj", "{E76EBB21-7BFC-4A52-95A2-A9131AF0B6E2}"
EndProject
Project("{8BC9CEB8-8B4A-11D0-8D11-00A0C91BC942}") = "diff", "common\diff.vcxproj", "{E8A9775F-BB60-45BF-94D8-38EF3F98AF55}"
EndProject
Project("{8BC9CEB8-8B4A-11D0-8D11-00A0C91BC942}") = "gunzip", "common\gunzip.vcxproj", "{4F2A5203-BC78-49ED-B866-0ED90796480F}"
EndProject
Project("{8BC9CEB8-8B4A-11D0-8D11-00A0C91BC942}") = "md5sum", "common\md5sum.vcxproj", "{01B01BE4-50ED-44F4-952F-27233268A806}"
EndProject
Project("{8BC9CEB8-8B4A-11D0-8D11-00A0C91BC942}") = "nl", "common\nl.vcxproj", "{685AF559-B90D-4BDC-9293-F7460B3FE5EF}"
EndProject
Project("{8BC9CEB8-8B4A-11D0-8D11-00A0C91BC942}") = "od", "common\od.vcxproj", "{78A6E2F7-3515-47E7-851D-33FDDE640235}"
EndProject
Project("{8BC9CEB8-8B4A-11D0-8D11-00A0C91BC942}") = "tar", "common\tar.vcxproj", "{976BE88F-A511-4A00-8BDC-DF1CBA9CB70F}"
EndProject
Project("{8BC9CEB8-8B4A-11D0-8D11-00A0C91BC942}") = "tr", "common\tr.vcxproj", "{6298D8B3-A141-4255-AD98-72A0F20B6EA4}"
EndProject
Project("{8BC9CEB8-8B4A-11D0-8D11-00A0C91BC942}") = "uuidgen", "common\uuidgen.vcxproj", "{903F2EC3-E626-4A9D-86BD-76010713E36D}"
EndProject
Project("{8BC9CEB8-8B4A-11D0-8D11-00A0C91BC942}") = "bzip2", "common\bzip2.vcxproj", "{F2EAF226-1F30-489C-9109-1220079C3C29}"
EndProject
Project("{8BC9CEB8-8B4A-11D0-8D11-00A0C91BC942}") = "yes", "common\yes.vcxproj", "{D5EFA80E-3C63-4157-A370-0857BB7B5EBE}"
EndProject
Project("{8BC9CEB8-8B4A-11D0-8D11-00A0C91BC942}") = "zcat", "common\zcat.vcxproj", "{6BCB76B0-C576-4238-B516-EFEEEB8523DF}"
EndProject
Global
	GlobalSection(SolutionConfigurationPlatforms) = preSolution
		Debug|Win32 = Debug|Win32
		Release|Win32 = Release|Win32
	EndGlobalSection
	GlobalSection(ProjectConfigurationPlatforms) = postSolution
		{28F96B41-56D9-4524-8455-5AE92BC7B485}.Debug|Win32.ActiveCfg = Debug|Win32
		{28F96B41-56D9-4524-8455-5AE92BC7B485}.Debug|Win32.Build.0 = Debug|Win32
		{28F96B41-56D9-4524-8455-5AE92BC7B485}.Release|Win32.ActiveCfg = Release|Win32
		{28F96B41-56D9-4524-8455-5AE92BC7B485}.Release|Win32.Build.0 = Release|Win32
		{B309C09B-CE15-401A-BC26-F4AE04FA5E46}.Debug|Win32.ActiveCfg = Debug|Win32
		{B309C09B-CE15-401A-BC26-F4AE04FA5E46}.Debug|Win32.Build.0 = Debug|Win32
		{B309C09B-CE15-401A-BC26-F4AE04FA5E46}.Release|Win32.ActiveCfg = Release|Win32
		{B309C09B-CE15-401A-BC26-F4AE04FA5E46}.Release|Win32.Build.0 = Release|Win32
		{D4119BE2-1B42-491B-945D-326AD0E28415}.Debug|Win32.ActiveCfg = Debug|Win32
		{D4119BE2-1B42-491B-945D-326AD0E28415}.Debug|Win32.Build.0 = Debug|Win32
		{D4119BE2-1B42-491B-945D-326AD0E28415}.Release|Win32.ActiveCfg = Release|Win32
		{D4119BE2-1B42-491B-945D-326AD0E28415}.Release|Win32.Build.0 = Release|Win32
		{0D9F6709-83D7-4A68-B077-C9F613B7436B}.Debug|Win32.ActiveCfg = Debug|Win32
		{0D9F6709-83D7-4A68-B077-C9F613B7436B}.Debug|Win32.Build.0 = Debug|Win32
		{0D9F6709-83D7-4A68-B077-C9F613B7436B}.Release|Win32.ActiveCfg = Release|Win32
		{0D9F6709-83D7-4A68-B077-C9F613B7436B}.Release|Win32.Build.0 = Release|Win32
		{285DAC5D-D772-4E13-9512-D48A54EC534D}.Debug|Win32.ActiveCfg = Debug|Win32
		{285DAC5D-D772-4E13-9512-D48A54EC534D}.Debug|Win32.Build.0 = Debug|Win32
		{285DAC5D-D772-4E13-9512-D48A54EC534D}.Release|Win32.ActiveCfg = Release|Win32
		{285DAC5D-D772-4E13-9512-D48A54EC534D}.Release|Win32.Build.0 = Release|Win32
		{E76EBB21-7BFC-4A52-95A2-A9131AF0B6E2}.Debug|Win32.ActiveCfg = Debug|Win32
		{E76EBB21-7BFC-4A52-95A2-A9131AF0B6E2}.Debug|Win32.Build.0 = Debug|Win32
		{E76EBB21-7BFC-4A52-95A2-A9131AF0B6E2}.Release|Win32.ActiveCfg = Release|Win32
		{E76EBB21-7BFC-4A52-95A2-A9131AF0B6E2}.Release|Win32.Build.0 = Release|Win32
		{E8A9775F-BB60-45BF-94D8-38EF3F98AF55}.Debug|Win32.ActiveCfg = Debug|Win32
		{E8A9775F-BB60-45BF-94D8-38EF3F98AF55}.Debug|Win32.Build.0 = Debug|Win32
		{E8A9775F-BB60-45BF-94D8-38EF3F98AF55}.Release|Win32.ActiveCfg = Release|Win32
		{E8A9775F-BB60-45BF-94D8-38EF3F98AF55}.Release|Win32.Build.0 = Release|Win32
		{4F2A5203-BC78-49ED-B866-0ED90796480F}.Debug|Win32.ActiveCfg = Debug|Win32
		{4F2A5203-BC78-49ED-B866-0ED90796480F}.Debug|Win32.Build.0 = Debug|Win32
		{4F2A5203-BC78-49ED-B866-0ED90796480F}.Release|Win32.ActiveCfg = Release|Win32
		{4F2A5203-BC78-49ED-B866-0ED90796480F}.Release|Win32.Build.0 = Release|Win32
		{01B01BE4-50ED-44F4-952F-27233268A806}.Debug|Win32.ActiveCfg = Debug|Win32
		{01B01BE4-50ED-44F4-952F-27233268A806}.Debug|Win32.Build.0 = Debug|Win32
		{01B01BE4-50ED-44F4-952F-27233268A806}.Release|Win32.ActiveCfg = Release|Win32
		{01B01BE4-50ED-44F4-952F-27233268A806}.Release|Win32.Build.0 = Release|Win32
		{685AF559-B90D-4BDC-9293-F7460B3FE5EF}.Debug|Win32.ActiveCfg = Debug|Win32
		{685AF559-B90D-4BDC-9293-F7460B3FE5EF}.Debug|Win32.Build.0 = Debug|Win32
		{685AF559-B90D-4BDC-9293-F7460B3FE5EF}.Release|Win32.ActiveCfg = Release|Win32
		{685AF559-B90D-4BDC-9293-F7460B3FE5EF}.Release|Win32.Build.0 = Release|Win32
		{78A6E2F7-3515-47E7-851D-33FDDE640235}.Debug|Win32.ActiveCfg = Debug|Win32
		{78A6E2F7-3515-47E7-851D-33FDDE640235}.Debug|Win32.Build.0 = Debug|Win32
		{78A6E2F7-3515-47E7-851D-33FDDE640235}.Release|Win32.ActiveCfg = Release|Win32
		{78A6E2F7-3515-47E7-851D-33FDDE640235}.Release|Win32.Build.0 = Release|Win32
		{976BE88F-A511-4A00-8BDC-DF1CBA9CB70F}.Debug|Win32.ActiveCfg = Debug|Win32
		{976BE88F-A511-4A00-8BDC-DF1CBA9CB70F}.Debug|Win32.Build.0 = Debug|Win32
		{976BE88F-A511-4A00-8BDC-DF1CBA9CB70F}.Release|Win32.ActiveCfg = Release|Win32
		{976BE88F-A511-4A00-8BDC-DF1CBA9CB70F}.Release|Win32.Build.0 = Release|Win32
		{6298D8B3-A141-4255-AD98-72A0F20B6EA4}.Debug|Win32.ActiveCfg = Debug|Win32
		{6298D8B3-A141-4255-AD98-72A0F20B6EA4}.Debug|Win32.Build.0 = Debug|Win32
		{6298D8B3-A141-4255-AD98-72A0F20B6EA4}.Release|Win32.ActiveCfg = Release|Win32
		{6298D8B3-A141-4255-AD98-72A0F20B6EA4}.Release|Win32.Build.0 = Release|Win32
		{903F2EC3-E626-4A9D-86BD-76010713E36D}.Debug|Win32.ActiveCfg = Debug|Win32
		{903F2EC3-E626-4A9D-86BD-76010713E36D}.Debug|Win32.Build.0 = Debug|Win32
		{903F2EC3-E626-4A9D-86BD-76010713E36D}.Release|Win32.ActiveCfg = Release|Win32
		{903F2EC3-E626-4A9D-86BD-76010713E36D}.Release|Win32.Build.0 = Release|Win32
		{F2EAF226-1F30-489C-9109-1220079C3C29}.Debug|Win32.ActiveCfg = Debug|Win32
		{F2EAF226-1F30-489C-9109-1220079C3C29}.Debug|Win32.Build.0 = Debug|Win32
		{F2EAF226-1F30-489C-9109-1220079C3C29}.Release|Win32.ActiveCfg = Release|Win32
		{F2EAF226-1F30-489C-9109-1220079C3C29}.Release|Win32.Build.0 = Release|Win32
		{D5EFA80E-3C63-4157-A370-0857BB7B5EBE}.Debug|Win32.ActiveCfg = Debug|Win32
		{D5EFA80E-3C63-4157-A370-0857BB7B5EBE}.Debug|Win32.Build.0 = Debug|Win32
		{D5EFA80E-3C63-4157-A370-0857BB7B5EBE}.Release|Win32.ActiveCfg = Release|Win32
		{D5EFA80E-3C63-4157-A370-0857BB7B5EBE}.Release|Win32.Build.0 = Release|Win32
		{6BCB76B0-C576-4238-B516-EFEEEB8523DF}.Debug|Win32.ActiveCfg = Debug|Win32
		{6BCB76B0-C576-4238-B516-EFEEEB8523DF}.Debug|Win32.Build.0 = Debug|Win32
		{6BCB76B0-C576-4238-B516-EFEEEB8523DF}.Release|Win32.ActiveCfg = Release|Win32
		{6BCB76B0-C576-4238-B516-EFEEEB8523DF}.Release|Win32.Build.0 = Release|Win32
	EndGlobalSection
	GlobalSection(SolutionProperties) = preSolution
		HideSolutionNode = FALSE
	EndGlobalSection
EndGlobal
